
Microsoft Visual Studio Solution File, Format Version 12.00
# Visual Studio Version 16
VisualStudioVersion = 16.0.33130.400
MinimumVisualStudioVersion = 10.0.40219.1
Project("{FAE04EC0-301F-11D3-BF4B-00C04F79EFBC}") = "Blog-Content-Crowler-Service", "Blog-Content-Crowler-Service.csproj", "{D9977B2A-F83F-44C8-B76D-2F65D6E0FE1C}"
EndProject
Global
	GlobalSection(SolutionConfigurationPlatforms) = preSolution
		Debug|Any CPU = Debug|Any CPU
		Release|Any CPU = Release|Any CPU
	EndGlobalSection
	GlobalSection(ProjectConfigurationPlatforms) = postSolution
		{D9977B2A-F83F-44C8-B76D-2F65D6E0FE1C}.Debug|Any CPU.ActiveCfg = Debug|Any CPU
		{D9977B2A-F83F-44C8-B76D-2F65D6E0FE1C}.Debug|Any CPU.Build.0 = Debug|Any CPU
		{D9977B2A-F83F-44C8-B76D-2F65D6E0FE1C}.Release|Any CPU.ActiveCfg = Release|Any CPU
		{D9977B2A-F83F-44C8-B76D-2F65D6E0FE1C}.Release|Any CPU.Build.0 = Release|Any CPU
	EndGlobalSection
	GlobalSection(SolutionProperties) = preSolution
		HideSolutionNode = FALSE
	EndGlobalSection
	GlobalSection(ExtensibilityGlobals) = postSolution
		SolutionGuid = {8670E79E-058F-4FC6-BC9A-F5B3E2A0C745}
	EndGlobalSection
EndGlobal
