
Microsoft Visual Studio Solution File, Format Version 12.00
# Visual Studio Version 16
VisualStudioVersion = 16.0.33130.400
MinimumVisualStudioVersion = 10.0.40219.1
Project("{FAE04EC0-301F-11D3-BF4B-00C04F79EFBC}") = "Blog-Content-Crowler", "Blog-Content-Crowler.csproj", "{BE02BDEF-EF0A-41D1-930B-9D80B134BA0C}"
EndProject
Global
	GlobalSection(SolutionConfigurationPlatforms) = preSolution
		Debug|Any CPU = Debug|Any CPU
		Release|Any CPU = Release|Any CPU
	EndGlobalSection
	GlobalSection(ProjectConfigurationPlatforms) = postSolution
		{BE02BDEF-EF0A-41D1-930B-9D80B134BA0C}.Debug|Any CPU.ActiveCfg = Debug|Any CPU
		{BE02BDEF-EF0A-41D1-930B-9D80B134BA0C}.Debug|Any CPU.Build.0 = Debug|Any CPU
		{BE02BDEF-EF0A-41D1-930B-9D80B134BA0C}.Release|Any CPU.ActiveCfg = Release|Any CPU
		{BE02BDEF-EF0A-41D1-930B-9D80B134BA0C}.Release|Any CPU.Build.0 = Release|Any CPU
	EndGlobalSection
	GlobalSection(SolutionProperties) = preSolution
		HideSolutionNode = FALSE
	EndGlobalSection
	GlobalSection(ExtensibilityGlobals) = postSolution
		SolutionGuid = {3C893C65-C56E-4ABD-A510-0EF984911FA5}
	EndGlobalSection
EndGlobal
